
Microsoft Visual Studio Solution File, Format Version 12.00
# Visual Studio Version 17
VisualStudioVersion = 17.3.32929.385
MinimumVisualStudioVersion = 10.0.40219.1
Project("{9A19103F-16F7-4668-BE54-9A1E7A4F7556}") = "autocomplete", "autocomplete.csproj", "{318E3437-DC64-4925-940C-4026F60CFE98}"
EndProject
Global
	GlobalSection(SolutionConfigurationPlatforms) = preSolution
		Debug|Any CPU = Debug|Any CPU
		Release|Any CPU = Release|Any CPU
	EndGlobalSection
	GlobalSection(ProjectConfigurationPlatforms) = postSolution
		{318E3437-DC64-4925-940C-4026F60CFE98}.Debug|Any CPU.ActiveCfg = Debug|Any CPU
		{318E3437-DC64-4925-940C-4026F60CFE98}.Debug|Any CPU.Build.0 = Debug|Any CPU
		{318E3437-DC64-4925-940C-4026F60CFE98}.Release|Any CPU.ActiveCfg = Release|Any CPU
		{318E3437-DC64-4925-940C-4026F60CFE98}.Release|Any CPU.Build.0 = Release|Any CPU
	EndGlobalSection
	GlobalSection(SolutionProperties) = preSolution
		HideSolutionNode = FALSE
	EndGlobalSection
	GlobalSection(ExtensibilityGlobals) = postSolution
		SolutionGuid = {5E3C8E90-8B65-4809-BE26-E4CABB077C04}
	EndGlobalSection
EndGlobal
